
Microsoft Visual Studio Solution File, Format Version 12.00
# Visual Studio Version 16
VisualStudioVersion = 16.0.30002.166
MinimumVisualStudioVersion = 10.0.40219.1
Project("{FAE04EC0-301F-11D3-BF4B-00C04F79EFBC}") = "Z12-Form", "Z12-Form\Z12-Form.csproj", "{D733A015-5004-44BF-A58F-13C2B1A97A32}"
EndProject
Global
	GlobalSection(SolutionConfigurationPlatforms) = preSolution
		Debug|Any CPU = Debug|Any CPU
		Release|Any CPU = Release|Any CPU
	EndGlobalSection
	GlobalSection(ProjectConfigurationPlatforms) = postSolution
		{D733A015-5004-44BF-A58F-13C2B1A97A32}.Debug|Any CPU.ActiveCfg = Debug|Any CPU
		{D733A015-5004-44BF-A58F-13C2B1A97A32}.Debug|Any CPU.Build.0 = Debug|Any CPU
		{D733A015-5004-44BF-A58F-13C2B1A97A32}.Release|Any CPU.ActiveCfg = Release|Any CPU
		{D733A015-5004-44BF-A58F-13C2B1A97A32}.Release|Any CPU.Build.0 = Release|Any CPU
	EndGlobalSection
	GlobalSection(SolutionProperties) = preSolution
		HideSolutionNode = FALSE
	EndGlobalSection
	GlobalSection(ExtensibilityGlobals) = postSolution
		SolutionGuid = {8F333234-9914-4D1C-99D6-66D44CA78F5C}
	EndGlobalSection
EndGlobal
