
Microsoft Visual Studio Solution File, Format Version 12.00
# Visual Studio Version 16
VisualStudioVersion = 16.0.30002.166
MinimumVisualStudioVersion = 10.0.40219.1
Project("{FAE04EC0-301F-11D3-BF4B-00C04F79EFBC}") = "Z11-Console", "Z11-Console\Z11-Console.csproj", "{BC50A54A-4B07-44F3-A906-25B48357C11E}"
EndProject
Global
	GlobalSection(SolutionConfigurationPlatforms) = preSolution
		Debug|Any CPU = Debug|Any CPU
		Release|Any CPU = Release|Any CPU
	EndGlobalSection
	GlobalSection(ProjectConfigurationPlatforms) = postSolution
		{BC50A54A-4B07-44F3-A906-25B48357C11E}.Debug|Any CPU.ActiveCfg = Debug|Any CPU
		{BC50A54A-4B07-44F3-A906-25B48357C11E}.Debug|Any CPU.Build.0 = Debug|Any CPU
		{BC50A54A-4B07-44F3-A906-25B48357C11E}.Release|Any CPU.ActiveCfg = Release|Any CPU
		{BC50A54A-4B07-44F3-A906-25B48357C11E}.Release|Any CPU.Build.0 = Release|Any CPU
	EndGlobalSection
	GlobalSection(SolutionProperties) = preSolution
		HideSolutionNode = FALSE
	EndGlobalSection
	GlobalSection(ExtensibilityGlobals) = postSolution
		SolutionGuid = {6DFF043C-1910-43DC-AAD6-A171B8DC53E7}
	EndGlobalSection
EndGlobal
