
Microsoft Visual Studio Solution File, Format Version 12.00
# Visual Studio Version 16
VisualStudioVersion = 16.0.30002.166
MinimumVisualStudioVersion = 10.0.40219.1
Project("{FAE04EC0-301F-11D3-BF4B-00C04F79EFBC}") = "Z07-Console", "Z07-Console\Z07-Console.csproj", "{A661B1F7-885C-4B33-B790-E5C9D175A274}"
EndProject
Global
	GlobalSection(SolutionConfigurationPlatforms) = preSolution
		Debug|Any CPU = Debug|Any CPU
		Release|Any CPU = Release|Any CPU
	EndGlobalSection
	GlobalSection(ProjectConfigurationPlatforms) = postSolution
		{A661B1F7-885C-4B33-B790-E5C9D175A274}.Debug|Any CPU.ActiveCfg = Debug|Any CPU
		{A661B1F7-885C-4B33-B790-E5C9D175A274}.Debug|Any CPU.Build.0 = Debug|Any CPU
		{A661B1F7-885C-4B33-B790-E5C9D175A274}.Release|Any CPU.ActiveCfg = Release|Any CPU
		{A661B1F7-885C-4B33-B790-E5C9D175A274}.Release|Any CPU.Build.0 = Release|Any CPU
	EndGlobalSection
	GlobalSection(SolutionProperties) = preSolution
		HideSolutionNode = FALSE
	EndGlobalSection
	GlobalSection(ExtensibilityGlobals) = postSolution
		SolutionGuid = {AA85453D-968D-4A2F-BAC1-404F3D4965EB}
	EndGlobalSection
EndGlobal
