
Microsoft Visual Studio Solution File, Format Version 12.00
# Visual Studio Version 16
VisualStudioVersion = 16.0.30002.166
MinimumVisualStudioVersion = 10.0.40219.1
Project("{FAE04EC0-301F-11D3-BF4B-00C04F79EFBC}") = "Z05-Console", "Z05-Console\Z05-Console.csproj", "{5E695283-3635-4FF5-9F5E-0FDF13DBDD11}"
EndProject
Global
	GlobalSection(SolutionConfigurationPlatforms) = preSolution
		Debug|Any CPU = Debug|Any CPU
		Release|Any CPU = Release|Any CPU
	EndGlobalSection
	GlobalSection(ProjectConfigurationPlatforms) = postSolution
		{5E695283-3635-4FF5-9F5E-0FDF13DBDD11}.Debug|Any CPU.ActiveCfg = Debug|Any CPU
		{5E695283-3635-4FF5-9F5E-0FDF13DBDD11}.Debug|Any CPU.Build.0 = Debug|Any CPU
		{5E695283-3635-4FF5-9F5E-0FDF13DBDD11}.Release|Any CPU.ActiveCfg = Release|Any CPU
		{5E695283-3635-4FF5-9F5E-0FDF13DBDD11}.Release|Any CPU.Build.0 = Release|Any CPU
	EndGlobalSection
	GlobalSection(SolutionProperties) = preSolution
		HideSolutionNode = FALSE
	EndGlobalSection
	GlobalSection(ExtensibilityGlobals) = postSolution
		SolutionGuid = {19A10180-5CD6-4D08-AE17-33FB41291027}
	EndGlobalSection
EndGlobal
